
Microsoft Visual Studio Solution File, Format Version 12.00
Project("{2150E333-8FDC-42A3-9474-1A3956D46DE8}") = "Tests", "Tests", "{004940CC-5C59-46D9-A36C-22619F23B9EA}"
EndProject
Project("{FAE04EC0-301F-11D3-BF4B-00C04F79EFBC}") = "_build", "..\..\build\_build.csproj", "{60E364F0-4115-4F27-90C5-0D033FAFB833}"
EndProject
Project("{2150E333-8FDC-42A3-9474-1A3956D46DE8}") = "Core", "Core", "{35547462-558F-4FD5-8037-5BF3F224F229}"
EndProject
Project("{2150E333-8FDC-42A3-9474-1A3956D46DE8}") = "Yaml", "Yaml", "{7E5F7208-FC05-4060-B710-67E5C386F0EC}"
EndProject
Project("{FAE04EC0-301F-11D3-BF4B-00C04F79EFBC}") = "InfluxMigrations.Tasks", "Core\InfluxMigrations.Tasks\InfluxMigrations.Tasks.csproj", "{46F79715-8871-4893-A351-8FE467134B0A}"
EndProject
Project("{FAE04EC0-301F-11D3-BF4B-00C04F79EFBC}") = "InfluxMigrations.Operations", "Core\InfluxMigrations.Operations\InfluxMigrations.Operations.csproj", "{C2A657A8-EF1C-4994-A0D0-62FC50FBD898}"
EndProject
Project("{FAE04EC0-301F-11D3-BF4B-00C04F79EFBC}") = "InfluxMigrations.Core", "Core\InfluxMigrations.Core\InfluxMigrations.Core.csproj", "{07A9D9F1-FFF8-4779-93B3-C48D69E91D65}"
EndProject
Project("{FAE04EC0-301F-11D3-BF4B-00C04F79EFBC}") = "InfluxMigrations.Yaml", "Yaml\InfluxMigrations.Yaml\InfluxMigrations.Yaml.csproj", "{8A87B186-6C62-4630-8823-AD8D9534A5AB}"
EndProject
Project("{FAE04EC0-301F-11D3-BF4B-00C04F79EFBC}") = "InfluxMigrations.Yaml.Parsers", "Yaml\InfluxMigrations.Yaml.Parsers\InfluxMigrations.Yaml.Parsers.csproj", "{0FDEDAC9-9A10-4340-AE42-6660B633C5A8}"
EndProject
Project("{FAE04EC0-301F-11D3-BF4B-00C04F79EFBC}") = "InfluxMigrations.TestCommon", "Tests\InfluxMigrations.TestCommon\InfluxMigrations.TestCommon.csproj", "{E186910E-354D-495B-A03E-55F7922CC13D}"
EndProject
Project("{FAE04EC0-301F-11D3-BF4B-00C04F79EFBC}") = "InfluxMigrations.Operations.IntegrationTests", "Tests\InfluxMigrations.Operations.IntegrationTests\InfluxMigrations.Operations.IntegrationTests.csproj", "{D8781100-9A9D-401C-9044-5A85697099C1}"
EndProject
Project("{FAE04EC0-301F-11D3-BF4B-00C04F79EFBC}") = "InfluxMigrations.Default.IntegrationTests", "Tests\InfluxMigrations.Default.IntegrationTests\InfluxMigrations.Default.IntegrationTests.csproj", "{674A42A3-C176-4C01-8A68-BC5A00D629E8}"
EndProject
Project("{2150E333-8FDC-42A3-9474-1A3956D46DE8}") = "Unit", "Unit", "{169617D9-56B5-4450-B05E-A69EE5CB5AF5}"
EndProject
Project("{2150E333-8FDC-42A3-9474-1A3956D46DE8}") = "Integration", "Integration", "{090CF741-AFE8-4C4B-ACC1-53875894DBB5}"
EndProject
Project("{FAE04EC0-301F-11D3-BF4B-00C04F79EFBC}") = "InfluxMigrations.Yaml.UnitTests", "Tests\InfluxMigrations.Yaml.UnitTests\InfluxMigrations.Yaml.UnitTests.csproj", "{1E348B83-D7B9-4374-9817-B75A660A509C}"
EndProject
Project("{FAE04EC0-301F-11D3-BF4B-00C04F79EFBC}") = "InfluxMigrations.Core.UnitTests", "Tests\InfluxMigrations.Core.UnitTests\InfluxMigrations.Core.UnitTests.csproj", "{4A0E98A6-3238-40D9-AAFE-A96E4F29B53D}"
EndProject
Project("{2150E333-8FDC-42A3-9474-1A3956D46DE8}") = "Runtime", "Runtime", "{BA26D8F0-8EE7-4B7A-87BA-21E894D5044F}"
EndProject
Project("{FAE04EC0-301F-11D3-BF4B-00C04F79EFBC}") = "InfluxMigrate", "Runtime\InfluxMigrate\InfluxMigrate.csproj", "{2826DCF0-AEB2-4182-BCB5-AB8AC93131E1}"
EndProject
Project("{FAE04EC0-301F-11D3-BF4B-00C04F79EFBC}") = "InfluxMigrations.CodeFirst", "Runtime\InfluxMigrations.CodeFirst\InfluxMigrations.CodeFirst.csproj", "{92CBB901-A177-41AB-A5AE-3A4B8B18C1BC}"
EndProject
Project("{2150E333-8FDC-42A3-9474-1A3956D46DE8}") = "Impl", "Impl", "{A32859AB-E42B-4D21-A7C0-EEF7A0409BAD}"
EndProject
Project("{FAE04EC0-301F-11D3-BF4B-00C04F79EFBC}") = "InfluxMigrations.Impl", "Impl\InfluxMigrations.Impl\InfluxMigrations.Impl.csproj", "{B56819DA-CEF9-48A2-8AE2-AE28E1266E93}"
EndProject
Project("{2150E333-8FDC-42A3-9474-1A3956D46DE8}") = "Extensions", "Extensions", "{A08E9269-7918-46B2-AA4B-ED0572D62457}"
EndProject
Project("{FAE04EC0-301F-11D3-BF4B-00C04F79EFBC}") = "InfluxMigrations.Extensions.Vault", "Extensions\InfluxMigrations.Extensions.Vault\InfluxMigrations.Extensions.Vault.csproj", "{5416E042-E1BA-4F66-8126-5E85D000DF18}"
EndProject
Global
	GlobalSection(SolutionConfigurationPlatforms) = preSolution
		Debug|Any CPU = Debug|Any CPU
		Release|Any CPU = Release|Any CPU
	EndGlobalSection
	GlobalSection(ProjectConfigurationPlatforms) = postSolution
		{60E364F0-4115-4F27-90C5-0D033FAFB833}.Debug|Any CPU.ActiveCfg = Debug|Any CPU
		{60E364F0-4115-4F27-90C5-0D033FAFB833}.Debug|Any CPU.Build.0 = Debug|Any CPU
		{60E364F0-4115-4F27-90C5-0D033FAFB833}.Release|Any CPU.ActiveCfg = Release|Any CPU
		{60E364F0-4115-4F27-90C5-0D033FAFB833}.Release|Any CPU.Build.0 = Release|Any CPU
		{46F79715-8871-4893-A351-8FE467134B0A}.Debug|Any CPU.ActiveCfg = Debug|Any CPU
		{46F79715-8871-4893-A351-8FE467134B0A}.Debug|Any CPU.Build.0 = Debug|Any CPU
		{46F79715-8871-4893-A351-8FE467134B0A}.Release|Any CPU.ActiveCfg = Release|Any CPU
		{46F79715-8871-4893-A351-8FE467134B0A}.Release|Any CPU.Build.0 = Release|Any CPU
		{C2A657A8-EF1C-4994-A0D0-62FC50FBD898}.Debug|Any CPU.ActiveCfg = Debug|Any CPU
		{C2A657A8-EF1C-4994-A0D0-62FC50FBD898}.Debug|Any CPU.Build.0 = Debug|Any CPU
		{C2A657A8-EF1C-4994-A0D0-62FC50FBD898}.Release|Any CPU.ActiveCfg = Release|Any CPU
		{C2A657A8-EF1C-4994-A0D0-62FC50FBD898}.Release|Any CPU.Build.0 = Release|Any CPU
		{07A9D9F1-FFF8-4779-93B3-C48D69E91D65}.Debug|Any CPU.ActiveCfg = Debug|Any CPU
		{07A9D9F1-FFF8-4779-93B3-C48D69E91D65}.Debug|Any CPU.Build.0 = Debug|Any CPU
		{07A9D9F1-FFF8-4779-93B3-C48D69E91D65}.Release|Any CPU.ActiveCfg = Release|Any CPU
		{07A9D9F1-FFF8-4779-93B3-C48D69E91D65}.Release|Any CPU.Build.0 = Release|Any CPU
		{8A87B186-6C62-4630-8823-AD8D9534A5AB}.Debug|Any CPU.ActiveCfg = Debug|Any CPU
		{8A87B186-6C62-4630-8823-AD8D9534A5AB}.Debug|Any CPU.Build.0 = Debug|Any CPU
		{8A87B186-6C62-4630-8823-AD8D9534A5AB}.Release|Any CPU.ActiveCfg = Release|Any CPU
		{8A87B186-6C62-4630-8823-AD8D9534A5AB}.Release|Any CPU.Build.0 = Release|Any CPU
		{0FDEDAC9-9A10-4340-AE42-6660B633C5A8}.Debug|Any CPU.ActiveCfg = Debug|Any CPU
		{0FDEDAC9-9A10-4340-AE42-6660B633C5A8}.Debug|Any CPU.Build.0 = Debug|Any CPU
		{0FDEDAC9-9A10-4340-AE42-6660B633C5A8}.Release|Any CPU.ActiveCfg = Release|Any CPU
		{0FDEDAC9-9A10-4340-AE42-6660B633C5A8}.Release|Any CPU.Build.0 = Release|Any CPU
		{E186910E-354D-495B-A03E-55F7922CC13D}.Debug|Any CPU.ActiveCfg = Debug|Any CPU
		{E186910E-354D-495B-A03E-55F7922CC13D}.Debug|Any CPU.Build.0 = Debug|Any CPU
		{E186910E-354D-495B-A03E-55F7922CC13D}.Release|Any CPU.ActiveCfg = Release|Any CPU
		{E186910E-354D-495B-A03E-55F7922CC13D}.Release|Any CPU.Build.0 = Release|Any CPU
		{D8781100-9A9D-401C-9044-5A85697099C1}.Debug|Any CPU.ActiveCfg = Debug|Any CPU
		{D8781100-9A9D-401C-9044-5A85697099C1}.Debug|Any CPU.Build.0 = Debug|Any CPU
		{D8781100-9A9D-401C-9044-5A85697099C1}.Release|Any CPU.ActiveCfg = Release|Any CPU
		{D8781100-9A9D-401C-9044-5A85697099C1}.Release|Any CPU.Build.0 = Release|Any CPU
		{674A42A3-C176-4C01-8A68-BC5A00D629E8}.Debug|Any CPU.ActiveCfg = Debug|Any CPU
		{674A42A3-C176-4C01-8A68-BC5A00D629E8}.Debug|Any CPU.Build.0 = Debug|Any CPU
		{674A42A3-C176-4C01-8A68-BC5A00D629E8}.Release|Any CPU.ActiveCfg = Release|Any CPU
		{674A42A3-C176-4C01-8A68-BC5A00D629E8}.Release|Any CPU.Build.0 = Release|Any CPU
		{1E348B83-D7B9-4374-9817-B75A660A509C}.Debug|Any CPU.ActiveCfg = Debug|Any CPU
		{1E348B83-D7B9-4374-9817-B75A660A509C}.Debug|Any CPU.Build.0 = Debug|Any CPU
		{1E348B83-D7B9-4374-9817-B75A660A509C}.Release|Any CPU.ActiveCfg = Release|Any CPU
		{1E348B83-D7B9-4374-9817-B75A660A509C}.Release|Any CPU.Build.0 = Release|Any CPU
		{4A0E98A6-3238-40D9-AAFE-A96E4F29B53D}.Debug|Any CPU.ActiveCfg = Debug|Any CPU
		{4A0E98A6-3238-40D9-AAFE-A96E4F29B53D}.Debug|Any CPU.Build.0 = Debug|Any CPU
		{4A0E98A6-3238-40D9-AAFE-A96E4F29B53D}.Release|Any CPU.ActiveCfg = Release|Any CPU
		{4A0E98A6-3238-40D9-AAFE-A96E4F29B53D}.Release|Any CPU.Build.0 = Release|Any CPU
		{2826DCF0-AEB2-4182-BCB5-AB8AC93131E1}.Debug|Any CPU.ActiveCfg = Debug|Any CPU
		{2826DCF0-AEB2-4182-BCB5-AB8AC93131E1}.Debug|Any CPU.Build.0 = Debug|Any CPU
		{2826DCF0-AEB2-4182-BCB5-AB8AC93131E1}.Release|Any CPU.ActiveCfg = Release|Any CPU
		{2826DCF0-AEB2-4182-BCB5-AB8AC93131E1}.Release|Any CPU.Build.0 = Release|Any CPU
		{92CBB901-A177-41AB-A5AE-3A4B8B18C1BC}.Debug|Any CPU.ActiveCfg = Debug|Any CPU
		{92CBB901-A177-41AB-A5AE-3A4B8B18C1BC}.Debug|Any CPU.Build.0 = Debug|Any CPU
		{92CBB901-A177-41AB-A5AE-3A4B8B18C1BC}.Release|Any CPU.ActiveCfg = Release|Any CPU
		{92CBB901-A177-41AB-A5AE-3A4B8B18C1BC}.Release|Any CPU.Build.0 = Release|Any CPU
		{B56819DA-CEF9-48A2-8AE2-AE28E1266E93}.Debug|Any CPU.ActiveCfg = Debug|Any CPU
		{B56819DA-CEF9-48A2-8AE2-AE28E1266E93}.Debug|Any CPU.Build.0 = Debug|Any CPU
		{B56819DA-CEF9-48A2-8AE2-AE28E1266E93}.Release|Any CPU.ActiveCfg = Release|Any CPU
		{B56819DA-CEF9-48A2-8AE2-AE28E1266E93}.Release|Any CPU.Build.0 = Release|Any CPU
		{5416E042-E1BA-4F66-8126-5E85D000DF18}.Debug|Any CPU.ActiveCfg = Debug|Any CPU
		{5416E042-E1BA-4F66-8126-5E85D000DF18}.Debug|Any CPU.Build.0 = Debug|Any CPU
		{5416E042-E1BA-4F66-8126-5E85D000DF18}.Release|Any CPU.ActiveCfg = Release|Any CPU
		{5416E042-E1BA-4F66-8126-5E85D000DF18}.Release|Any CPU.Build.0 = Release|Any CPU
	EndGlobalSection
	GlobalSection(NestedProjects) = preSolution
		{46F79715-8871-4893-A351-8FE467134B0A} = {35547462-558F-4FD5-8037-5BF3F224F229}
		{C2A657A8-EF1C-4994-A0D0-62FC50FBD898} = {35547462-558F-4FD5-8037-5BF3F224F229}
		{07A9D9F1-FFF8-4779-93B3-C48D69E91D65} = {35547462-558F-4FD5-8037-5BF3F224F229}
		{8A87B186-6C62-4630-8823-AD8D9534A5AB} = {7E5F7208-FC05-4060-B710-67E5C386F0EC}
		{0FDEDAC9-9A10-4340-AE42-6660B633C5A8} = {7E5F7208-FC05-4060-B710-67E5C386F0EC}
		{169617D9-56B5-4450-B05E-A69EE5CB5AF5} = {004940CC-5C59-46D9-A36C-22619F23B9EA}
		{090CF741-AFE8-4C4B-ACC1-53875894DBB5} = {004940CC-5C59-46D9-A36C-22619F23B9EA}
		{674A42A3-C176-4C01-8A68-BC5A00D629E8} = {090CF741-AFE8-4C4B-ACC1-53875894DBB5}
		{D8781100-9A9D-401C-9044-5A85697099C1} = {090CF741-AFE8-4C4B-ACC1-53875894DBB5}
		{1E348B83-D7B9-4374-9817-B75A660A509C} = {169617D9-56B5-4450-B05E-A69EE5CB5AF5}
		{4A0E98A6-3238-40D9-AAFE-A96E4F29B53D} = {169617D9-56B5-4450-B05E-A69EE5CB5AF5}
		{2826DCF0-AEB2-4182-BCB5-AB8AC93131E1} = {BA26D8F0-8EE7-4B7A-87BA-21E894D5044F}
		{92CBB901-A177-41AB-A5AE-3A4B8B18C1BC} = {BA26D8F0-8EE7-4B7A-87BA-21E894D5044F}
		{B56819DA-CEF9-48A2-8AE2-AE28E1266E93} = {A32859AB-E42B-4D21-A7C0-EEF7A0409BAD}
		{E186910E-354D-495B-A03E-55F7922CC13D} = {004940CC-5C59-46D9-A36C-22619F23B9EA}
		{5416E042-E1BA-4F66-8126-5E85D000DF18} = {A08E9269-7918-46B2-AA4B-ED0572D62457}
	EndGlobalSection
EndGlobal
